
Microsoft Visual Studio Solution File, Format Version 12.00
# Visual Studio Version 16
VisualStudioVersion = 16.0.34031.81
MinimumVisualStudioVersion = 10.0.40219.1
Project("{2150E333-8FDC-42A3-9474-1A3956D46DE8}") = "Task0", "Task0", "{A1AEFB4B-B3BF-4175-A758-7031FFD0EA5D}"
EndProject
Project("{FAE04EC0-301F-11D3-BF4B-00C04F79EFBC}") = "Tyuiu.VolodinaAA.Sprint4.Task0.V29", "Tyuiu.VolodinaAA.Sprint4.Task0.V29\Tyuiu.VolodinaAA.Sprint4.Task0.V29.csproj", "{F7BBC72C-2039-47AC-A526-6A7273A6816D}"
EndProject
Project("{FAE04EC0-301F-11D3-BF4B-00C04F79EFBC}") = "Tyuiu.VolodinaAA.Sprint4.Task0.V29.Lib", "Tyuiu.VolodinaAA.Sprint4.Task0.V29.Lib\Tyuiu.VolodinaAA.Sprint4.Task0.V29.Lib.csproj", "{CC6CCE5D-DB7E-4282-BB39-DA12F97F9943}"
EndProject
Project("{FAE04EC0-301F-11D3-BF4B-00C04F79EFBC}") = "Tyuiu.VolodinaAA.Sprint4.Task0.V29.Test", "Tyuiu.VolodinaAA.Sprint4.Task0.V29.Test\Tyuiu.VolodinaAA.Sprint4.Task0.V29.Test.csproj", "{F93C1359-437B-4068-8603-AA41536838F8}"
EndProject
Project("{2150E333-8FDC-42A3-9474-1A3956D46DE8}") = "Task1", "Task1", "{413ACBB0-597F-437D-9A17-0BC0918B68A6}"
EndProject
Project("{FAE04EC0-301F-11D3-BF4B-00C04F79EFBC}") = "Tyuiu.VolodinaAA.Sprint4.Task1.V5", "Tyuiu.VolodinaAA.Sprint4.Task1.V5\Tyuiu.VolodinaAA.Sprint4.Task1.V5.csproj", "{B3C604B8-0F5E-4929-BFFC-770D63F76C96}"
EndProject
Project("{FAE04EC0-301F-11D3-BF4B-00C04F79EFBC}") = "Tyuiu.VolodinaAA.Sprint4.Task1.V5.Lib", "Tyuiu.VolodinaAA.Sprint4.Task1.V5.Lib\Tyuiu.VolodinaAA.Sprint4.Task1.V5.Lib.csproj", "{2E284B3F-0C93-4551-975F-F0E9A0E0D197}"
EndProject
Project("{FAE04EC0-301F-11D3-BF4B-00C04F79EFBC}") = "Tyuiu.VolodinaAA.Sprint4.Task1.V5.Test", "Tyuiu.VolodinaAA.Sprint4.Task1.V5.Test\Tyuiu.VolodinaAA.Sprint4.Task1.V5.Test.csproj", "{10393F4F-45E4-4B5C-AA46-167E88B81A36}"
EndProject
Project("{2150E333-8FDC-42A3-9474-1A3956D46DE8}") = "Task2", "Task2", "{7ABC9B4A-24A2-4896-B5A2-8015826A53D1}"
EndProject
Project("{FAE04EC0-301F-11D3-BF4B-00C04F79EFBC}") = "Tyuiu.VolodinaAA.Sprint4.Task2.V8", "Tyuiu.VolodinaAA.Sprint4.Task2.V8\Tyuiu.VolodinaAA.Sprint4.Task2.V8.csproj", "{819C5643-D91A-40CE-807E-8DE9BEF61559}"
EndProject
Project("{FAE04EC0-301F-11D3-BF4B-00C04F79EFBC}") = "Tyuiu.VolodinaAA.Sprint4.Task2.V8.Lib", "Tyuiu.VolodinaAA.Sprint4.Task2.V8.Lib\Tyuiu.VolodinaAA.Sprint4.Task2.V8.Lib.csproj", "{2C048133-C0A6-4C81-8BD8-28A3F052BF40}"
EndProject
Project("{FAE04EC0-301F-11D3-BF4B-00C04F79EFBC}") = "Tyuiu.VolodinaAA.Sprint4.Task2.V8.Test", "Tyuiu.VolodinaAA.Sprint4.Task2.V8.Test\Tyuiu.VolodinaAA.Sprint4.Task2.V8.Test.csproj", "{55917432-2EBC-4605-8D80-99EC48BAF632}"
EndProject
Project("{2150E333-8FDC-42A3-9474-1A3956D46DE8}") = "Task3", "Task3", "{7DDA8DBD-F150-4E9E-AB81-1B4093BEAA40}"
EndProject
Project("{FAE04EC0-301F-11D3-BF4B-00C04F79EFBC}") = "Tyuiu.VolodinaAA.Sprint4.Task3.V11", "Tyuiu.VolodinaAA.Sprint4.Task3.V11\Tyuiu.VolodinaAA.Sprint4.Task3.V11.csproj", "{44689BBF-BF81-450C-815D-1F59F90620CE}"
EndProject
Project("{FAE04EC0-301F-11D3-BF4B-00C04F79EFBC}") = "Tyuiu.VolodinaAA.Sprint4.Task3.V11.Lib", "Tyuiu.VolodinaAA.Sprint4.Task3.V11.Lib\Tyuiu.VolodinaAA.Sprint4.Task3.V11.Lib.csproj", "{D889453F-B158-4CCA-85D4-E108DA0198F1}"
EndProject
Project("{FAE04EC0-301F-11D3-BF4B-00C04F79EFBC}") = "Tyuiu.VolodinaAA.Sprint4.Task3.V11.Test", "Tyuiu.VolodinaAA.Sprint4.Task3.V11.Test\Tyuiu.VolodinaAA.Sprint4.Task3.V11.Test.csproj", "{9FBE687D-6A24-48AD-BBF7-0C384B6CEEE2}"
EndProject
Project("{2150E333-8FDC-42A3-9474-1A3956D46DE8}") = "Task4", "Task4", "{3B7B3470-3EB2-42F6-BFCC-1552E5CBAC42}"
EndProject
Project("{FAE04EC0-301F-11D3-BF4B-00C04F79EFBC}") = "Tyuiu.VolodinaAA.Sprint4.Task4.V9", "Tyuiu.VolodinaAA.Sprint4.Task4.V9\Tyuiu.VolodinaAA.Sprint4.Task4.V9.csproj", "{1A780B60-52D4-48A3-A0D6-57A0497965B1}"
EndProject
Project("{FAE04EC0-301F-11D3-BF4B-00C04F79EFBC}") = "Tyuiu.VolodinaAA.Sprint4.Task4.V9.Lib", "Tyuiu.VolodinaAA.Sprint4.Task4.V9.Lib\Tyuiu.VolodinaAA.Sprint4.Task4.V9.Lib.csproj", "{98FBB03A-9C4E-4639-9922-431FB3610E23}"
EndProject
Project("{FAE04EC0-301F-11D3-BF4B-00C04F79EFBC}") = "Tyuiu.VolodinaAA.Sprint4.Task4.V9.Test", "Tyuiu.VolodinaAA.Sprint4.Task4.V9.Test\Tyuiu.VolodinaAA.Sprint4.Task4.V9.Test.csproj", "{4E58AB4B-FFD2-4116-AF9F-CBE462F70EEC}"
EndProject
Project("{2150E333-8FDC-42A3-9474-1A3956D46DE8}") = "Task5", "Task5", "{4867F433-FF35-4406-B7D6-7F7166B86218}"
EndProject
Project("{FAE04EC0-301F-11D3-BF4B-00C04F79EFBC}") = "Tyuiu.VolodinaAA.Sprint4.Task5.V20", "Tyuiu.VolodinaAA.Sprint4.Task5.V20\Tyuiu.VolodinaAA.Sprint4.Task5.V20.csproj", "{2E06254D-2483-4800-961D-C2F6543CD84E}"
EndProject
Project("{FAE04EC0-301F-11D3-BF4B-00C04F79EFBC}") = "Tyuiu.VolodinaAA.Sprint4.Task5.V20.Lib", "Tyuiu.VolodinaAA.Sprint4.Task5.V20.Lib\Tyuiu.VolodinaAA.Sprint4.Task5.V20.Lib.csproj", "{1744C66D-00D7-4A4E-A632-8DBD151AD970}"
EndProject
Project("{FAE04EC0-301F-11D3-BF4B-00C04F79EFBC}") = "Tyuiu.VolodinaAA.Sprint4.Task5.V20.Test", "Tyuiu.VolodinaAA.Sprint4.Task5.V20.Test\Tyuiu.VolodinaAA.Sprint4.Task5.V20.Test.csproj", "{E29EDE57-DD7C-459E-AF22-53FB66A0E811}"
EndProject
Global
	GlobalSection(SolutionConfigurationPlatforms) = preSolution
		Debug|Any CPU = Debug|Any CPU
		Release|Any CPU = Release|Any CPU
	EndGlobalSection
	GlobalSection(ProjectConfigurationPlatforms) = postSolution
		{F7BBC72C-2039-47AC-A526-6A7273A6816D}.Debug|Any CPU.ActiveCfg = Debug|Any CPU
		{F7BBC72C-2039-47AC-A526-6A7273A6816D}.Debug|Any CPU.Build.0 = Debug|Any CPU
		{F7BBC72C-2039-47AC-A526-6A7273A6816D}.Release|Any CPU.ActiveCfg = Release|Any CPU
		{F7BBC72C-2039-47AC-A526-6A7273A6816D}.Release|Any CPU.Build.0 = Release|Any CPU
		{CC6CCE5D-DB7E-4282-BB39-DA12F97F9943}.Debug|Any CPU.ActiveCfg = Debug|Any CPU
		{CC6CCE5D-DB7E-4282-BB39-DA12F97F9943}.Debug|Any CPU.Build.0 = Debug|Any CPU
		{CC6CCE5D-DB7E-4282-BB39-DA12F97F9943}.Release|Any CPU.ActiveCfg = Release|Any CPU
		{CC6CCE5D-DB7E-4282-BB39-DA12F97F9943}.Release|Any CPU.Build.0 = Release|Any CPU
		{F93C1359-437B-4068-8603-AA41536838F8}.Debug|Any CPU.ActiveCfg = Debug|Any CPU
		{F93C1359-437B-4068-8603-AA41536838F8}.Debug|Any CPU.Build.0 = Debug|Any CPU
		{F93C1359-437B-4068-8603-AA41536838F8}.Release|Any CPU.ActiveCfg = Release|Any CPU
		{F93C1359-437B-4068-8603-AA41536838F8}.Release|Any CPU.Build.0 = Release|Any CPU
		{B3C604B8-0F5E-4929-BFFC-770D63F76C96}.Debug|Any CPU.ActiveCfg = Debug|Any CPU
		{B3C604B8-0F5E-4929-BFFC-770D63F76C96}.Debug|Any CPU.Build.0 = Debug|Any CPU
		{B3C604B8-0F5E-4929-BFFC-770D63F76C96}.Release|Any CPU.ActiveCfg = Release|Any CPU
		{B3C604B8-0F5E-4929-BFFC-770D63F76C96}.Release|Any CPU.Build.0 = Release|Any CPU
		{2E284B3F-0C93-4551-975F-F0E9A0E0D197}.Debug|Any CPU.ActiveCfg = Debug|Any CPU
		{2E284B3F-0C93-4551-975F-F0E9A0E0D197}.Debug|Any CPU.Build.0 = Debug|Any CPU
		{2E284B3F-0C93-4551-975F-F0E9A0E0D197}.Release|Any CPU.ActiveCfg = Release|Any CPU
		{2E284B3F-0C93-4551-975F-F0E9A0E0D197}.Release|Any CPU.Build.0 = Release|Any CPU
		{10393F4F-45E4-4B5C-AA46-167E88B81A36}.Debug|Any CPU.ActiveCfg = Debug|Any CPU
		{10393F4F-45E4-4B5C-AA46-167E88B81A36}.Debug|Any CPU.Build.0 = Debug|Any CPU
		{10393F4F-45E4-4B5C-AA46-167E88B81A36}.Release|Any CPU.ActiveCfg = Release|Any CPU
		{10393F4F-45E4-4B5C-AA46-167E88B81A36}.Release|Any CPU.Build.0 = Release|Any CPU
		{819C5643-D91A-40CE-807E-8DE9BEF61559}.Debug|Any CPU.ActiveCfg = Debug|Any CPU
		{819C5643-D91A-40CE-807E-8DE9BEF61559}.Debug|Any CPU.Build.0 = Debug|Any CPU
		{819C5643-D91A-40CE-807E-8DE9BEF61559}.Release|Any CPU.ActiveCfg = Release|Any CPU
		{819C5643-D91A-40CE-807E-8DE9BEF61559}.Release|Any CPU.Build.0 = Release|Any CPU
		{2C048133-C0A6-4C81-8BD8-28A3F052BF40}.Debug|Any CPU.ActiveCfg = Debug|Any CPU
		{2C048133-C0A6-4C81-8BD8-28A3F052BF40}.Debug|Any CPU.Build.0 = Debug|Any CPU
		{2C048133-C0A6-4C81-8BD8-28A3F052BF40}.Release|Any CPU.ActiveCfg = Release|Any CPU
		{2C048133-C0A6-4C81-8BD8-28A3F052BF40}.Release|Any CPU.Build.0 = Release|Any CPU
		{55917432-2EBC-4605-8D80-99EC48BAF632}.Debug|Any CPU.ActiveCfg = Debug|Any CPU
		{55917432-2EBC-4605-8D80-99EC48BAF632}.Debug|Any CPU.Build.0 = Debug|Any CPU
		{55917432-2EBC-4605-8D80-99EC48BAF632}.Release|Any CPU.ActiveCfg = Release|Any CPU
		{55917432-2EBC-4605-8D80-99EC48BAF632}.Release|Any CPU.Build.0 = Release|Any CPU
		{44689BBF-BF81-450C-815D-1F59F90620CE}.Debug|Any CPU.ActiveCfg = Debug|Any CPU
		{44689BBF-BF81-450C-815D-1F59F90620CE}.Debug|Any CPU.Build.0 = Debug|Any CPU
		{44689BBF-BF81-450C-815D-1F59F90620CE}.Release|Any CPU.ActiveCfg = Release|Any CPU
		{44689BBF-BF81-450C-815D-1F59F90620CE}.Release|Any CPU.Build.0 = Release|Any CPU
		{D889453F-B158-4CCA-85D4-E108DA0198F1}.Debug|Any CPU.ActiveCfg = Debug|Any CPU
		{D889453F-B158-4CCA-85D4-E108DA0198F1}.Debug|Any CPU.Build.0 = Debug|Any CPU
		{D889453F-B158-4CCA-85D4-E108DA0198F1}.Release|Any CPU.ActiveCfg = Release|Any CPU
		{D889453F-B158-4CCA-85D4-E108DA0198F1}.Release|Any CPU.Build.0 = Release|Any CPU
		{9FBE687D-6A24-48AD-BBF7-0C384B6CEEE2}.Debug|Any CPU.ActiveCfg = Debug|Any CPU
		{9FBE687D-6A24-48AD-BBF7-0C384B6CEEE2}.Debug|Any CPU.Build.0 = Debug|Any CPU
		{9FBE687D-6A24-48AD-BBF7-0C384B6CEEE2}.Release|Any CPU.ActiveCfg = Release|Any CPU
		{9FBE687D-6A24-48AD-BBF7-0C384B6CEEE2}.Release|Any CPU.Build.0 = Release|Any CPU
		{1A780B60-52D4-48A3-A0D6-57A0497965B1}.Debug|Any CPU.ActiveCfg = Debug|Any CPU
		{1A780B60-52D4-48A3-A0D6-57A0497965B1}.Debug|Any CPU.Build.0 = Debug|Any CPU
		{1A780B60-52D4-48A3-A0D6-57A0497965B1}.Release|Any CPU.ActiveCfg = Release|Any CPU
		{1A780B60-52D4-48A3-A0D6-57A0497965B1}.Release|Any CPU.Build.0 = Release|Any CPU
		{98FBB03A-9C4E-4639-9922-431FB3610E23}.Debug|Any CPU.ActiveCfg = Debug|Any CPU
		{98FBB03A-9C4E-4639-9922-431FB3610E23}.Debug|Any CPU.Build.0 = Debug|Any CPU
		{98FBB03A-9C4E-4639-9922-431FB3610E23}.Release|Any CPU.ActiveCfg = Release|Any CPU
		{98FBB03A-9C4E-4639-9922-431FB3610E23}.Release|Any CPU.Build.0 = Release|Any CPU
		{4E58AB4B-FFD2-4116-AF9F-CBE462F70EEC}.Debug|Any CPU.ActiveCfg = Debug|Any CPU
		{4E58AB4B-FFD2-4116-AF9F-CBE462F70EEC}.Debug|Any CPU.Build.0 = Debug|Any CPU
		{4E58AB4B-FFD2-4116-AF9F-CBE462F70EEC}.Release|Any CPU.ActiveCfg = Release|Any CPU
		{4E58AB4B-FFD2-4116-AF9F-CBE462F70EEC}.Release|Any CPU.Build.0 = Release|Any CPU
		{2E06254D-2483-4800-961D-C2F6543CD84E}.Debug|Any CPU.ActiveCfg = Debug|Any CPU
		{2E06254D-2483-4800-961D-C2F6543CD84E}.Debug|Any CPU.Build.0 = Debug|Any CPU
		{2E06254D-2483-4800-961D-C2F6543CD84E}.Release|Any CPU.ActiveCfg = Release|Any CPU
		{2E06254D-2483-4800-961D-C2F6543CD84E}.Release|Any CPU.Build.0 = Release|Any CPU
		{1744C66D-00D7-4A4E-A632-8DBD151AD970}.Debug|Any CPU.ActiveCfg = Debug|Any CPU
		{1744C66D-00D7-4A4E-A632-8DBD151AD970}.Debug|Any CPU.Build.0 = Debug|Any CPU
		{1744C66D-00D7-4A4E-A632-8DBD151AD970}.Release|Any CPU.ActiveCfg = Release|Any CPU
		{1744C66D-00D7-4A4E-A632-8DBD151AD970}.Release|Any CPU.Build.0 = Release|Any CPU
		{E29EDE57-DD7C-459E-AF22-53FB66A0E811}.Debug|Any CPU.ActiveCfg = Debug|Any CPU
		{E29EDE57-DD7C-459E-AF22-53FB66A0E811}.Debug|Any CPU.Build.0 = Debug|Any CPU
		{E29EDE57-DD7C-459E-AF22-53FB66A0E811}.Release|Any CPU.ActiveCfg = Release|Any CPU
		{E29EDE57-DD7C-459E-AF22-53FB66A0E811}.Release|Any CPU.Build.0 = Release|Any CPU
	EndGlobalSection
	GlobalSection(SolutionProperties) = preSolution
		HideSolutionNode = FALSE
	EndGlobalSection
	GlobalSection(NestedProjects) = preSolution
		{F7BBC72C-2039-47AC-A526-6A7273A6816D} = {A1AEFB4B-B3BF-4175-A758-7031FFD0EA5D}
		{CC6CCE5D-DB7E-4282-BB39-DA12F97F9943} = {A1AEFB4B-B3BF-4175-A758-7031FFD0EA5D}
		{F93C1359-437B-4068-8603-AA41536838F8} = {A1AEFB4B-B3BF-4175-A758-7031FFD0EA5D}
		{B3C604B8-0F5E-4929-BFFC-770D63F76C96} = {413ACBB0-597F-437D-9A17-0BC0918B68A6}
		{2E284B3F-0C93-4551-975F-F0E9A0E0D197} = {413ACBB0-597F-437D-9A17-0BC0918B68A6}
		{10393F4F-45E4-4B5C-AA46-167E88B81A36} = {413ACBB0-597F-437D-9A17-0BC0918B68A6}
		{819C5643-D91A-40CE-807E-8DE9BEF61559} = {7ABC9B4A-24A2-4896-B5A2-8015826A53D1}
		{2C048133-C0A6-4C81-8BD8-28A3F052BF40} = {7ABC9B4A-24A2-4896-B5A2-8015826A53D1}
		{55917432-2EBC-4605-8D80-99EC48BAF632} = {7ABC9B4A-24A2-4896-B5A2-8015826A53D1}
		{44689BBF-BF81-450C-815D-1F59F90620CE} = {7DDA8DBD-F150-4E9E-AB81-1B4093BEAA40}
		{D889453F-B158-4CCA-85D4-E108DA0198F1} = {7DDA8DBD-F150-4E9E-AB81-1B4093BEAA40}
		{9FBE687D-6A24-48AD-BBF7-0C384B6CEEE2} = {7DDA8DBD-F150-4E9E-AB81-1B4093BEAA40}
		{1A780B60-52D4-48A3-A0D6-57A0497965B1} = {3B7B3470-3EB2-42F6-BFCC-1552E5CBAC42}
		{98FBB03A-9C4E-4639-9922-431FB3610E23} = {3B7B3470-3EB2-42F6-BFCC-1552E5CBAC42}
		{4E58AB4B-FFD2-4116-AF9F-CBE462F70EEC} = {3B7B3470-3EB2-42F6-BFCC-1552E5CBAC42}
		{2E06254D-2483-4800-961D-C2F6543CD84E} = {4867F433-FF35-4406-B7D6-7F7166B86218}
		{1744C66D-00D7-4A4E-A632-8DBD151AD970} = {4867F433-FF35-4406-B7D6-7F7166B86218}
		{E29EDE57-DD7C-459E-AF22-53FB66A0E811} = {4867F433-FF35-4406-B7D6-7F7166B86218}
	EndGlobalSection
	GlobalSection(ExtensibilityGlobals) = postSolution
		SolutionGuid = {FFF79B9B-9BDE-466F-A45D-2EAEDB98471D}
	EndGlobalSection
EndGlobal
